<?xml version="1.0" encoding="utf-8"?>
<Project ToolsVersion="4.0" xmlns="http://schemas.microsoft.com/developer/msbuild/2003">
  <ItemGroup>
    <ClCompile Include="Application.cpp" />
    <ClCompile Include="log.cpp" />
    <ClCompile Include="Main.cpp" />
    <ClCompile Include="backends\imgui.cpp">
      <Filter>includes\backends</Filter>
    </ClCompile>
    <ClCompile Include="backends\imgui_impl_opengl3.cpp">
      <Filter>includes\backends</Filter>
    </ClCompile>
    <ClCompile Include="backends\imgui_impl_sdl2.cpp">
      <Filter>includes\backends</Filter>
    </ClCompile>
    <ClCompile Include="backends\imgui_draw.cpp">
      <Filter>includes\backends</Filter>
    </ClCompile>
    <ClCompile Include="backends\imgui_tables.cpp">
      <Filter>includes\backends</Filter>
    </ClCompile>
    <ClCompile Include="backends\imgui_widgets.cpp">
      <Filter>includes\backends</Filter>
    </ClCompile>
    <ClCompile Include="backends\imgui_demo.cpp">
      <Filter>includes\backends</Filter>
    </ClCompile>
    <ClCompile Include="ConsoleGUI.cpp" />
    <ClCompile Include="include\MathGeoLib\Algorithm\Random\LCG.cpp">
      <Filter>includes\mathgeolib</Filter>
    </ClCompile>
    <ClCompile Include="include\MathGeoLib\Geometry\AABB.cpp">
      <Filter>includes\mathgeolib</Filter>
    </ClCompile>
    <ClCompile Include="include\MathGeoLib\Geometry\Capsule.cpp">
      <Filter>includes\mathgeolib</Filter>
    </ClCompile>
    <ClCompile Include="include\MathGeoLib\Geometry\Circle.cpp">
      <Filter>includes\mathgeolib</Filter>
    </ClCompile>
    <ClCompile Include="include\MathGeoLib\Geometry\Cone.cpp">
      <Filter>includes\mathgeolib</Filter>
    </ClCompile>
    <ClCompile Include="include\MathGeoLib\Geometry\Cylinder.cpp">
      <Filter>includes\mathgeolib</Filter>
    </ClCompile>
    <ClCompile Include="include\MathGeoLib\Geometry\Frustum.cpp">
      <Filter>includes\mathgeolib</Filter>
    </ClCompile>
    <ClCompile Include="include\MathGeoLib\Geometry\Line.cpp">
      <Filter>includes\mathgeolib</Filter>
    </ClCompile>
    <ClCompile Include="include\MathGeoLib\Geometry\LineSegment.cpp">
      <Filter>includes\mathgeolib</Filter>
    </ClCompile>
    <ClCompile Include="include\MathGeoLib\Geometry\OBB.cpp">
      <Filter>includes\mathgeolib</Filter>
    </ClCompile>
    <ClCompile Include="include\MathGeoLib\Geometry\Plane.cpp">
      <Filter>includes\mathgeolib</Filter>
    </ClCompile>
    <ClCompile Include="include\MathGeoLib\Geometry\Polygon.cpp">
      <Filter>includes\mathgeolib</Filter>
    </ClCompile>
    <ClCompile Include="include\MathGeoLib\Geometry\Polyhedron.cpp">
      <Filter>includes\mathgeolib</Filter>
    </ClCompile>
    <ClCompile Include="include\MathGeoLib\Geometry\Ray.cpp">
      <Filter>includes\mathgeolib</Filter>
    </ClCompile>
    <ClCompile Include="include\MathGeoLib\Geometry\Sphere.cpp">
      <Filter>includes\mathgeolib</Filter>
    </ClCompile>
    <ClCompile Include="include\MathGeoLib\Geometry\Triangle.cpp">
      <Filter>includes\mathgeolib</Filter>
    </ClCompile>
    <ClCompile Include="include\MathGeoLib\Geometry\TriangleMesh.cpp">
      <Filter>includes\mathgeolib</Filter>
    </ClCompile>
    <ClCompile Include="include\MathGeoLib\Math\BitOps.cpp">
      <Filter>includes\mathgeolib</Filter>
    </ClCompile>
    <ClCompile Include="include\MathGeoLib\Math\float2.cpp">
      <Filter>includes\mathgeolib</Filter>
    </ClCompile>
    <ClCompile Include="include\MathGeoLib\Math\float3.cpp">
      <Filter>includes\mathgeolib</Filter>
    </ClCompile>
    <ClCompile Include="include\MathGeoLib\Math\float3x3.cpp">
      <Filter>includes\mathgeolib</Filter>
    </ClCompile>
    <ClCompile Include="include\MathGeoLib\Math\float3x4.cpp">
      <Filter>includes\mathgeolib</Filter>
    </ClCompile>
    <ClCompile Include="include\MathGeoLib\Math\float4.cpp">
      <Filter>includes\mathgeolib</Filter>
    </ClCompile>
    <ClCompile Include="include\MathGeoLib\Math\float4x4.cpp">
      <Filter>includes\mathgeolib</Filter>
    </ClCompile>
    <ClCompile Include="include\MathGeoLib\Math\MathFunc.cpp">
      <Filter>includes\mathgeolib</Filter>
    </ClCompile>
    <ClCompile Include="include\MathGeoLib\Math\MathLog.cpp">
      <Filter>includes\mathgeolib</Filter>
    </ClCompile>
    <ClCompile Include="include\MathGeoLib\Math\MathOps.cpp">
      <Filter>includes\mathgeolib</Filter>
    </ClCompile>
    <ClCompile Include="include\MathGeoLib\Math\Polynomial.cpp">
      <Filter>includes\mathgeolib</Filter>
    </ClCompile>
    <ClCompile Include="include\MathGeoLib\Math\Quat.cpp">
      <Filter>includes\mathgeolib</Filter>
    </ClCompile>
    <ClCompile Include="include\MathGeoLib\Math\SSEMath.cpp">
      <Filter>includes\mathgeolib</Filter>
    </ClCompile>
    <ClCompile Include="include\MathGeoLib\Math\TransformOps.cpp">
      <Filter>includes\mathgeolib</Filter>
    </ClCompile>
    <ClCompile Include="include\MathGeoLib\Time\Clock.cpp">
      <Filter>includes\mathgeolib</Filter>
    </ClCompile>
    <ClCompile Include="ModuleImGUI.cpp">
      <Filter>modules\source</Filter>
    </ClCompile>
    <ClCompile Include="ModuleInput.cpp">
      <Filter>modules\source</Filter>
    </ClCompile>
    <ClCompile Include="ModuleOpenGL.cpp">
      <Filter>modules\source</Filter>
    </ClCompile>
    <ClCompile Include="ModuleProgram.cpp">
      <Filter>modules\source</Filter>
    </ClCompile>
    <ClCompile Include="ModuleRenderExercise.cpp">
      <Filter>modules\source</Filter>
    </ClCompile>
    <ClCompile Include="ModuleWindow.cpp">
      <Filter>modules\source</Filter>
    </ClCompile>
    <ClCompile Include="ModuleDebugDraw.cpp">
      <Filter>modules\source</Filter>
    </ClCompile>
    <ClCompile Include="ModuleCamera.cpp">
      <Filter>modules\source</Filter>
    </ClCompile>
    <ClCompile Include="ModuleTexture.cpp">
      <Filter>modules\source</Filter>
    </ClCompile>
    <ClCompile Include="MyMesh.cpp">
      <Filter>components\source</Filter>
    </ClCompile>
    <ClCompile Include="MyModel.cpp">
      <Filter>components\source</Filter>
    </ClCompile>
  </ItemGroup>
  <ItemGroup>
    <ClInclude Include="Application.h" />
    <ClInclude Include="Dummy.h" />
    <ClInclude Include="Globals.h" />
    <ClInclude Include="backends\imconfig.h">
      <Filter>includes\backends</Filter>
    </ClInclude>
    <ClInclude Include="backends\imgui.h">
      <Filter>includes\backends</Filter>
    </ClInclude>
    <ClInclude Include="backends\imgui_impl_opengl3.h">
      <Filter>includes\backends</Filter>
    </ClInclude>
    <ClInclude Include="backends\imgui_impl_opengl3_loader.h">
      <Filter>includes\backends</Filter>
    </ClInclude>
    <ClInclude Include="backends\imgui_impl_sdl2.h">
      <Filter>includes\backends</Filter>
    </ClInclude>
    <ClInclude Include="backends\imgui_internal.h">
      <Filter>includes\backends</Filter>
    </ClInclude>
    <ClInclude Include="backends\imstb_rectpack.h">
      <Filter>includes\backends</Filter>
    </ClInclude>
    <ClInclude Include="backends\imstb_textedit.h">
      <Filter>includes\backends</Filter>
    </ClInclude>
    <ClInclude Include="backends\imstb_truetype.h">
      <Filter>includes\backends</Filter>
    </ClInclude>
    <ClInclude Include="ConsoleGUI.h" />
    <ClInclude Include="include\MathGeoLib\Algorithm\Random\LCG.h">
      <Filter>includes\mathgeolib</Filter>
    </ClInclude>
    <ClInclude Include="include\MathGeoLib\Geometry\AABB.h">
      <Filter>includes\mathgeolib</Filter>
    </ClInclude>
    <ClInclude Include="include\MathGeoLib\Geometry\AABB2D.h">
      <Filter>includes\mathgeolib</Filter>
    </ClInclude>
    <ClInclude Include="include\MathGeoLib\Geometry\Capsule.h">
      <Filter>includes\mathgeolib</Filter>
    </ClInclude>
    <ClInclude Include="include\MathGeoLib\Geometry\Circle.h">
      <Filter>includes\mathgeolib</Filter>
    </ClInclude>
    <ClInclude Include="include\MathGeoLib\Geometry\Cone.h">
      <Filter>includes\mathgeolib</Filter>
    </ClInclude>
    <ClInclude Include="include\MathGeoLib\Geometry\Cylinder.h">
      <Filter>includes\mathgeolib</Filter>
    </ClInclude>
    <ClInclude Include="include\MathGeoLib\Geometry\Frustum.h">
      <Filter>includes\mathgeolib</Filter>
    </ClInclude>
    <ClInclude Include="include\MathGeoLib\Geometry\GeometryAll.h">
      <Filter>includes\mathgeolib</Filter>
    </ClInclude>
    <ClInclude Include="include\MathGeoLib\Geometry\GeomType.h">
      <Filter>includes\mathgeolib</Filter>
    </ClInclude>
    <ClInclude Include="include\MathGeoLib\Geometry\HitInfo.h">
      <Filter>includes\mathgeolib</Filter>
    </ClInclude>
    <ClInclude Include="include\MathGeoLib\Geometry\KDTree.h">
      <Filter>includes\mathgeolib</Filter>
    </ClInclude>
    <ClInclude Include="include\MathGeoLib\Geometry\Line.h">
      <Filter>includes\mathgeolib</Filter>
    </ClInclude>
    <ClInclude Include="include\MathGeoLib\Geometry\LineSegment.h">
      <Filter>includes\mathgeolib</Filter>
    </ClInclude>
    <ClInclude Include="include\MathGeoLib\Geometry\OBB.h">
      <Filter>includes\mathgeolib</Filter>
    </ClInclude>
    <ClInclude Include="include\MathGeoLib\Geometry\PBVolume.h">
      <Filter>includes\mathgeolib</Filter>
    </ClInclude>
    <ClInclude Include="include\MathGeoLib\Geometry\Plane.h">
      <Filter>includes\mathgeolib</Filter>
    </ClInclude>
    <ClInclude Include="include\MathGeoLib\Geometry\Polygon.h">
      <Filter>includes\mathgeolib</Filter>
    </ClInclude>
    <ClInclude Include="include\MathGeoLib\Geometry\Polyhedron.h">
      <Filter>includes\mathgeolib</Filter>
    </ClInclude>
    <ClInclude Include="include\MathGeoLib\Geometry\QuadTree.h">
      <Filter>includes\mathgeolib</Filter>
    </ClInclude>
    <ClInclude Include="include\MathGeoLib\Geometry\Ray.h">
      <Filter>includes\mathgeolib</Filter>
    </ClInclude>
    <ClInclude Include="include\MathGeoLib\Geometry\Sphere.h">
      <Filter>includes\mathgeolib</Filter>
    </ClInclude>
    <ClInclude Include="include\MathGeoLib\Geometry\Triangle.h">
      <Filter>includes\mathgeolib</Filter>
    </ClInclude>
    <ClInclude Include="include\MathGeoLib\Geometry\TriangleMesh.h">
      <Filter>includes\mathgeolib</Filter>
    </ClInclude>
    <ClInclude Include="include\MathGeoLib\Math\assume.h">
      <Filter>includes\mathgeolib</Filter>
    </ClInclude>
    <ClInclude Include="include\MathGeoLib\Math\BitOps.h">
      <Filter>includes\mathgeolib</Filter>
    </ClInclude>
    <ClInclude Include="include\MathGeoLib\Math\Complex.h">
      <Filter>includes\mathgeolib</Filter>
    </ClInclude>
    <ClInclude Include="include\MathGeoLib\Math\CoordinateAxisConvention.h">
      <Filter>includes\mathgeolib</Filter>
    </ClInclude>
    <ClInclude Include="include\MathGeoLib\Math\FixedPoint.h">
      <Filter>includes\mathgeolib</Filter>
    </ClInclude>
    <ClInclude Include="include\MathGeoLib\Math\float2.h">
      <Filter>includes\mathgeolib</Filter>
    </ClInclude>
    <ClInclude Include="include\MathGeoLib\Math\float3.h">
      <Filter>includes\mathgeolib</Filter>
    </ClInclude>
    <ClInclude Include="include\MathGeoLib\Math\float3x3.h">
      <Filter>includes\mathgeolib</Filter>
    </ClInclude>
    <ClInclude Include="include\MathGeoLib\Math\float3x4.h">
      <Filter>includes\mathgeolib</Filter>
    </ClInclude>
    <ClInclude Include="include\MathGeoLib\Math\float4.h">
      <Filter>includes\mathgeolib</Filter>
    </ClInclude>
    <ClInclude Include="include\MathGeoLib\Math\float4_neon.h">
      <Filter>includes\mathgeolib</Filter>
    </ClInclude>
    <ClInclude Include="include\MathGeoLib\Math\float4_sse.h">
      <Filter>includes\mathgeolib</Filter>
    </ClInclude>
    <ClInclude Include="include\MathGeoLib\Math\float4x4.h">
      <Filter>includes\mathgeolib</Filter>
    </ClInclude>
    <ClInclude Include="include\MathGeoLib\Math\float4x4_neon.h">
      <Filter>includes\mathgeolib</Filter>
    </ClInclude>
    <ClInclude Include="include\MathGeoLib\Math\float4x4_sse.h">
      <Filter>includes\mathgeolib</Filter>
    </ClInclude>
    <ClInclude Include="include\MathGeoLib\Math\FloatCmp.h">
      <Filter>includes\mathgeolib</Filter>
    </ClInclude>
    <ClInclude Include="include\MathGeoLib\Math\MathAll.h">
      <Filter>includes\mathgeolib</Filter>
    </ClInclude>
    <ClInclude Include="include\MathGeoLib\Math\MathConstants.h">
      <Filter>includes\mathgeolib</Filter>
    </ClInclude>
    <ClInclude Include="include\MathGeoLib\Math\MathFunc.h">
      <Filter>includes\mathgeolib</Filter>
    </ClInclude>
    <ClInclude Include="include\MathGeoLib\Math\MathLog.h">
      <Filter>includes\mathgeolib</Filter>
    </ClInclude>
    <ClInclude Include="include\MathGeoLib\Math\MathNamespace.h">
      <Filter>includes\mathgeolib</Filter>
    </ClInclude>
    <ClInclude Include="include\MathGeoLib\Math\MathTypes.h">
      <Filter>includes\mathgeolib</Filter>
    </ClInclude>
    <ClInclude Include="include\MathGeoLib\Math\MatrixProxy.h">
      <Filter>includes\mathgeolib</Filter>
    </ClInclude>
    <ClInclude Include="include\MathGeoLib\Math\myassert.h">
      <Filter>includes\mathgeolib</Filter>
    </ClInclude>
    <ClInclude Include="include\MathGeoLib\Math\Polynomial.h">
      <Filter>includes\mathgeolib</Filter>
    </ClInclude>
    <ClInclude Include="include\MathGeoLib\Math\Quat.h">
      <Filter>includes\mathgeolib</Filter>
    </ClInclude>
    <ClInclude Include="include\MathGeoLib\Math\quat_simd.h">
      <Filter>includes\mathgeolib</Filter>
    </ClInclude>
    <ClInclude Include="include\MathGeoLib\Math\Rect.h">
      <Filter>includes\mathgeolib</Filter>
    </ClInclude>
    <ClInclude Include="include\MathGeoLib\Math\Reinterpret.h">
      <Filter>includes\mathgeolib</Filter>
    </ClInclude>
    <ClInclude Include="include\MathGeoLib\Math\sse_mathfun.h">
      <Filter>includes\mathgeolib</Filter>
    </ClInclude>
    <ClInclude Include="include\MathGeoLib\Math\SSEMath.h">
      <Filter>includes\mathgeolib</Filter>
    </ClInclude>
    <ClInclude Include="include\MathGeoLib\Math\TransformOps.h">
      <Filter>includes\mathgeolib</Filter>
    </ClInclude>
    <ClInclude Include="include\MathGeoLib\Time\Clock.h">
      <Filter>includes\mathgeolib</Filter>
    </ClInclude>
    <ClInclude Include="Module.h">
      <Filter>modules\header</Filter>
    </ClInclude>
    <ClInclude Include="ModuleImGUI.h">
      <Filter>modules\header</Filter>
    </ClInclude>
    <ClInclude Include="ModuleInput.h">
      <Filter>modules\header</Filter>
    </ClInclude>
    <ClInclude Include="ModuleOpenGL.h">
      <Filter>modules\header</Filter>
    </ClInclude>
    <ClInclude Include="ModuleProgram.h">
      <Filter>modules\header</Filter>
    </ClInclude>
    <ClInclude Include="ModuleRenderExercise.h">
      <Filter>modules\header</Filter>
    </ClInclude>
    <ClInclude Include="ModuleWindow.h">
      <Filter>modules\header</Filter>
    </ClInclude>
    <ClInclude Include="ModuleDebugDraw.h">
      <Filter>modules\header</Filter>
    </ClInclude>
    <ClInclude Include="ModuleCamera.h">
      <Filter>modules\header</Filter>
    </ClInclude>
    <ClInclude Include="ModuleTexture.h">
      <Filter>modules\header</Filter>
    </ClInclude>
    <ClInclude Include="MyMesh.h">
      <Filter>components\header</Filter>
    </ClInclude>
    <ClInclude Include="MyModel.h">
      <Filter>components\header</Filter>
    </ClInclude>
    <ClInclude Include="include\tinygltf\tiny_gltf.h">
      <Filter>includes\tiny_gltf</Filter>
    </ClInclude>
    <ClInclude Include="include\tinygltf\stb_image.h">
      <Filter>includes\tiny_gltf</Filter>
    </ClInclude>
    <ClInclude Include="include\tinygltf\stb_image_write.h">
      <Filter>includes\tiny_gltf</Filter>
    </ClInclude>
    <ClInclude Include="include\tinygltf\json.hpp">
      <Filter>includes\tiny_gltf</Filter>
    </ClInclude>
  </ItemGroup>
  <ItemGroup>
    <Filter Include="modules">
      <UniqueIdentifier>{400769a2-5a1a-41c9-9bee-349aee462c21}</UniqueIdentifier>
    </Filter>
    <Filter Include="modules\header">
      <UniqueIdentifier>{38e1dace-7c67-4aad-bae9-c87453c053ce}</UniqueIdentifier>
    </Filter>
    <Filter Include="modules\source">
      <UniqueIdentifier>{9f3e6551-a8b6-465d-953d-58d39282298b}</UniqueIdentifier>
    </Filter>
    <Filter Include="includes">
      <UniqueIdentifier>{2b75f47f-7ae5-403d-9f55-dfe0238fc5f1}</UniqueIdentifier>
    </Filter>
    <Filter Include="includes\mathgeolib">
      <UniqueIdentifier>{c9ea2536-b154-4933-b336-9f795a7715b0}</UniqueIdentifier>
    </Filter>
    <Filter Include="includes\backends">
      <UniqueIdentifier>{1df67753-a27a-4368-945a-35680fef4546}</UniqueIdentifier>
    </Filter>
    <Filter Include="components">
      <UniqueIdentifier>{925ee85e-6701-48c6-8ba0-8c93e359c862}</UniqueIdentifier>
    </Filter>
    <Filter Include="components\header">
      <UniqueIdentifier>{abe5b0dd-e80c-4e33-812a-085ec6ece4e6}</UniqueIdentifier>
    </Filter>
    <Filter Include="components\source">
      <UniqueIdentifier>{9e8d63c5-627f-4cad-848b-6556b2b5fc0d}</UniqueIdentifier>
    </Filter>
    <Filter Include="includes\tiny_gltf">
      <UniqueIdentifier>{1daa89c2-ecf4-4b5a-9327-86ef90e9791b}</UniqueIdentifier>
    </Filter>
  </ItemGroup>
  <ItemGroup>
    <None Include="include\MathGeoLib\Geometry\KDTree.inl">
      <Filter>includes\mathgeolib</Filter>
    </None>
    <None Include="include\MathGeoLib\Geometry\QuadTree.inl">
      <Filter>includes\mathgeolib</Filter>
    </None>
    <None Include="include\MathGeoLib\Geometry\TriangleMesh_IntersectRay_AVX.inl">
      <Filter>includes\mathgeolib</Filter>
    </None>
    <None Include="include\MathGeoLib\Geometry\TriangleMesh_IntersectRay_CPP.inl">
      <Filter>includes\mathgeolib</Filter>
    </None>
    <None Include="include\MathGeoLib\Geometry\TriangleMesh_IntersectRay_SSE.inl">
      <Filter>includes\mathgeolib</Filter>
    </None>
    <None Include="include\MathGeoLib\Math\Matrix.inl">
      <Filter>includes\mathgeolib</Filter>
    </None>
  </ItemGroup>
</Project>